// !$*UTF8*$!
{
	archiveVersion = 1;
	classes = {
	};
	objectVersion = 50;
	objects = {

/* Begin PBXBuildFile section */
		0FE1DCF0217A8E9200FBC474 /* SecondViewController.swift in Sources */ = {isa = PBXBuildFile; fileRef = 0FE1DCEF217A8E9200FBC474 /* SecondViewController.swift */; };
		AC018EEC217670A900DC97D4 /* SignUpViewController.swift in Sources */ = {isa = PBXBuildFile; fileRef = AC018EEB217670A900DC97D4 /* SignUpViewController.swift */; };
		AC01FC6A216D298C002588BC /* AppDelegate.swift in Sources */ = {isa = PBXBuildFile; fileRef = AC01FC69216D298C002588BC /* AppDelegate.swift */; };
		AC01FC6C216D298C002588BC /* ViewController.swift in Sources */ = {isa = PBXBuildFile; fileRef = AC01FC6B216D298C002588BC /* ViewController.swift */; };
		AC01FC6F216D298C002588BC /* Main.storyboard in Resources */ = {isa = PBXBuildFile; fileRef = AC01FC6D216D298C002588BC /* Main.storyboard */; };
		AC01FC71216D298D002588BC /* Assets.xcassets in Resources */ = {isa = PBXBuildFile; fileRef = AC01FC70216D298D002588BC /* Assets.xcassets */; };
		AC01FC74216D298D002588BC /* LaunchScreen.storyboard in Resources */ = {isa = PBXBuildFile; fileRef = AC01FC72216D298D002588BC /* LaunchScreen.storyboard */; };
		AC01FC7C216D31BD002588BC /* User Data.swift in Sources */ = {isa = PBXBuildFile; fileRef = AC01FC7B216D31BD002588BC /* User Data.swift */; };
		ACA1F047216EC765005DAD49 /* StileButton.swift in Sources */ = {isa = PBXBuildFile; fileRef = ACA1F046216EC765005DAD49 /* StileButton.swift */; };
/* End PBXBuildFile section */

/* Begin PBXFileReference section */
		0FE1DCEF217A8E9200FBC474 /* SecondViewController.swift */ = {isa = PBXFileReference; lastKnownFileType = sourcecode.swift; path = SecondViewController.swift; sourceTree = "<group>"; };
		AC018EEB217670A900DC97D4 /* SignUpViewController.swift */ = {isa = PBXFileReference; lastKnownFileType = sourcecode.swift; path = SignUpViewController.swift; sourceTree = "<group>"; };
		AC01FC66216D298C002588BC /* Login.app */ = {isa = PBXFileReference; explicitFileType = wrapper.application; includeInIndex = 0; path = Login.app; sourceTree = BUILT_PRODUCTS_DIR; };
		AC01FC69216D298C002588BC /* AppDelegate.swift */ = {isa = PBXFileReference; lastKnownFileType = sourcecode.swift; path = AppDelegate.swift; sourceTree = "<group>"; };
		AC01FC6B216D298C002588BC /* ViewController.swift */ = {isa = PBXFileReference; lastKnownFileType = sourcecode.swift; path = ViewController.swift; sourceTree = "<group>"; };
		AC01FC6E216D298C002588BC /* Base */ = {isa = PBXFileReference; lastKnownFileType = file.storyboard; name = Base; path = Base.lproj/Main.storyboard; sourceTree = "<group>"; };
		AC01FC70216D298D002588BC /* Assets.xcassets */ = {isa = PBXFileReference; lastKnownFileType = folder.assetcatalog; path = Assets.xcassets; sourceTree = "<group>"; };
		AC01FC73216D298D002588BC /* Base */ = {isa = PBXFileReference; lastKnownFileType = file.storyboard; name = Base; path = Base.lproj/LaunchScreen.storyboard; sourceTree = "<group>"; };
		AC01FC75216D298D002588BC /* Info.plist */ = {isa = PBXFileReference; lastKnownFileType = text.plist.xml; path = Info.plist; sourceTree = "<group>"; };
		AC01FC7B216D31BD002588BC /* User Data.swift */ = {isa = PBXFileReference; lastKnownFileType = sourcecode.swift; path = "User Data.swift"; sourceTree = "<group>"; };
		ACA1F046216EC765005DAD49 /* StileButton.swift */ = {isa = PBXFileReference; lastKnownFileType = sourcecode.swift; path = StileButton.swift; sourceTree = "<group>"; };
/* End PBXFileReference section */

/* Begin PBXFrameworksBuildPhase section */
		AC01FC63216D298C002588BC /* Frameworks */ = {
			isa = PBXFrameworksBuildPhase;
			buildActionMask = 2147483647;
			files = (
			);
			runOnlyForDeploymentPostprocessing = 0;
		};
/* End PBXFrameworksBuildPhase section */

/* Begin PBXGroup section */
		AC01FC5D216D298C002588BC = {
			isa = PBXGroup;
			children = (
				AC01FC68216D298C002588BC /* Login */,
				AC01FC67216D298C002588BC /* Products */,
			);
			sourceTree = "<group>";
		};
		AC01FC67216D298C002588BC /* Products */ = {
			isa = PBXGroup;
			children = (
				AC01FC66216D298C002588BC /* Login.app */,
			);
			name = Products;
			sourceTree = "<group>";
		};
		AC01FC68216D298C002588BC /* Login */ = {
			isa = PBXGroup;
			children = (
				AC01FC69216D298C002588BC /* AppDelegate.swift */,
				0FE1DCEF217A8E9200FBC474 /* SecondViewController.swift */,
				AC01FC6B216D298C002588BC /* ViewController.swift */,
				AC01FC6D216D298C002588BC /* Main.storyboard */,
				AC01FC70216D298D002588BC /* Assets.xcassets */,
				ACA1F046216EC765005DAD49 /* StileButton.swift */,
				AC01FC72216D298D002588BC /* LaunchScreen.storyboard */,
				AC01FC75216D298D002588BC /* Info.plist */,
				AC01FC7B216D31BD002588BC /* User Data.swift */,
				AC018EEB217670A900DC97D4 /* SignUpViewController.swift */,
			);
			path = Login;
			sourceTree = "<group>";
		};
/* End PBXGroup section */

/* Begin PBXNativeTarget section */
		AC01FC65216D298C002588BC /* Login */ = {
			isa = PBXNativeTarget;
			buildConfigurationList = AC01FC78216D298D002588BC /* Build configuration list for PBXNativeTarget "Login" */;
			buildPhases = (
				AC01FC62216D298C002588BC /* Sources */,
				AC01FC63216D298C002588BC /* Frameworks */,
				AC01FC64216D298C002588BC /* Resources */,
			);
			buildRules = (
			);
			dependencies = (
			);
			name = Login;
			productName = Login;
			productReference = AC01FC66216D298C002588BC /* Login.app */;
			productType = "com.apple.product-type.application";
		};
/* End PBXNativeTarget section */

/* Begin PBXProject section */
		AC01FC5E216D298C002588BC /* Project object */ = {
			isa = PBXProject;
			attributes = {
				LastSwiftUpdateCheck = 0940;
				LastUpgradeCheck = 0940;
				ORGANIZATIONNAME = 1;
				TargetAttributes = {
					AC01FC65216D298C002588BC = {
						CreatedOnToolsVersion = 9.4.1;
					};
				};
			};
			buildConfigurationList = AC01FC61216D298C002588BC /* Build configuration list for PBXProject "Login" */;
			compatibilityVersion = "Xcode 9.3";
			developmentRegion = en;
			hasScannedForEncodings = 0;
			knownRegions = (
				en,
				Base,
			);
			mainGroup = AC01FC5D216D298C002588BC;
			productRefGroup = AC01FC67216D298C002588BC /* Products */;
			projectDirPath = "";
			projectRoot = "";
			targets = (
				AC01FC65216D298C002588BC /* Login */,
			);
		};
/* End PBXProject section */

/* Begin PBXResourcesBuildPhase section */
		AC01FC64216D298C002588BC /* Resources */ = {
			isa = PBXResourcesBuildPhase;
			buildActionMask = 2147483647;
			files = (
				AC01FC74216D298D002588BC /* LaunchScreen.storyboard in Resources */,
				AC01FC71216D298D002588BC /* Assets.xcassets in Resources */,
				AC01FC6F216D298C002588BC /* Main.storyboard in Resources */,
			);
			runOnlyForDeploymentPostprocessing = 0;
		};
/* End PBXResourcesBuildPhase section */

/* Begin PBXSourcesBuildPhase section */
		AC01FC62216D298C002588BC /* Sources */ = {
			isa = PBXSourcesBuildPhase;
			buildActionMask = 2147483647;
			files = (
				0FE1DCF0217A8E9200FBC474 /* SecondViewController.swift in Sources */,
				ACA1F047216EC765005DAD49 /* StileButton.swift in Sources */,
				AC01FC6C216D298C002588BC /* ViewController.swift in Sources */,
				AC01FC6A216D298C002588BC /* AppDelegate.swift in Sources */,
				AC01FC7C216D31BD002588BC /* User Data.swift in Sources */,
				AC018EEC217670A900DC97D4 /* SignUpViewController.swift in Sources */,
			);
			runOnlyForDeploymentPostprocessing = 0;
		};
/* End PBXSourcesBuildPhase section */

/* Begin PBXVariantGroup section */
		AC01FC6D216D298C002588BC /* Main.storyboard */ = {
			isa = PBXVariantGroup;
			children = (
				AC01FC6E216D298C002588BC /* Base */,
			);
			name = Main.storyboard;
			sourceTree = "<group>";
		};
		AC01FC72216D298D002588BC /* LaunchScreen.storyboard */ = {
			isa = PBXVariantGroup;
			children = (
				AC01FC73216D298D002588BC /* Base */,
			);
			name = LaunchScreen.storyboard;
			sourceTree = "<group>";
		};
/* End PBXVariantGroup section */

/* Begin XCBuildConfiguration section */
		AC01FC76216D298D002588BC /* Debug */ = {
			isa = XCBuildConfiguration;
			buildSettings = {
				ALWAYS_SEARCH_USER_PATHS = NO;
				CLANG_ANALYZER_NONNULL = YES;
				CLANG_ANALYZER_NUMBER_OBJECT_CONVERSION = YES_AGGRESSIVE;
				CLANG_CXX_LANGUAGE_STANDARD = "gnu++14";
				CLANG_CXX_LIBRARY = "libc++";
				CLANG_ENABLE_MODULES = YES;
				CLANG_ENABLE_OBJC_ARC = YES;
				CLANG_ENABLE_OBJC_WEAK = YES;
				CLANG_WARN_BLOCK_CAPTURE_AUTORELEASING = YES;
				CLANG_WARN_BOOL_CONVERSION = YES;
				CLANG_WARN_COMMA = YES;
				CLANG_WARN_CONSTANT_CONVERSION = YES;
				CLANG_WARN_DEPRECATED_OBJC_IMPLEMENTATIONS = YES;
				CLANG_WARN_DIRECT_OBJC_ISA_USAGE = YES_ERROR;
				CLANG_WARN_DOCUMENTATION_COMMENTS = YES;
				CLANG_WARN_EMPTY_BODY = YES;
				CLANG_WARN_ENUM_CONVERSION = YES;
				CLANG_WARN_INFINITE_RECURSION = YES;
				CLANG_WARN_INT_CONVERSION = YES;
				CLANG_WARN_NON_LITERAL_NULL_CONVERSION = YES;
				CLANG_WARN_OBJC_IMPLICIT_RETAIN_SELF = YES;
				CLANG_WARN_OBJC_LITERAL_CONVERSION = YES;
				CLANG_WARN_OBJC_ROOT_CLASS = YES_ERROR;
				CLANG_WARN_RANGE_LOOP_ANALYSIS = YES;
				CLANG_WARN_STRICT_PROTOTYPES = YES;
				CLANG_WARN_SUSPICIOUS_MOVE = YES;
				CLANG_WARN_UNGUARDED_AVAILABILITY = YES_AGGRESSIVE;
				CLANG_WARN_UNREACHABLE_CODE = YES;
				CLANG_WARN__DUPLICATE_METHOD_MATCH = YES;
				CODE_SIGN_IDENTITY = "iPhone Developer";
				COPY_PHASE_STRIP = NO;
				DEBUG_INFORMATION_FORMAT = dwarf;
				ENABLE_STRICT_OBJC_MSGSEND = YES;
				ENABLE_TESTABILITY = YES;
				GCC_C_LANGUAGE_STANDARD = gnu11;
				GCC_DYNAMIC_NO_PIC = NO;
				GCC_NO_COMMON_BLOCKS = YES;
				GCC_OPTIMIZATION_LEVEL = 0;
				GCC_PREPROCESSOR_DEFINITIONS = (
					"DEBUG=1",
					"$(inherited)",
				);
				GCC_WARN_64_TO_32_BIT_CONVERSION = YES;
				GCC_WARN_ABOUT_RETURN_TYPE = YES_ERROR;
				GCC_WARN_UNDECLARED_SELECTOR = YES;
				GCC_WARN_UNINITIALIZED_AUTOS = YES_AGGRESSIVE;
				GCC_WARN_UNUSED_FUNCTION = YES;
				GCC_WARN_UNUSED_VARIABLE = YES;
				IPHONEOS_DEPLOYMENT_TARGET = 11.4;
				MTL_ENABLE_DEBUG_INFO = YES;
				ONLY_ACTIVE_ARCH = YES;
				SDKROOT = iphoneos;
				SWIFT_ACTIVE_COMPILATION_CONDITIONS = DEBUG;
				SWIFT_OPTIMIZATION_LEVEL = "-Onone";
			};
			name = Debug;
		};
		AC01FC77216D298D002588BC /* Release */ = {
			isa = XCBuildConfiguration;
			buildSettings = {
				ALWAYS_SEARCH_USER_PATHS = NO;
				CLANG_ANALYZER_NONNULL = YES;
				CLANG_ANALYZER_NUMBER_OBJECT_CONVERSION = YES_AGGRESSIVE;
				CLANG_CXX_LANGUAGE_STANDARD = "gnu++14";
				CLANG_CXX_LIBRARY = "libc++";
				CLANG_ENABLE_MODULES = YES;
				CLANG_ENABLE_OBJC_ARC = YES;
				CLANG_ENABLE_OBJC_WEAK = YES;
				CLANG_WARN_BLOCK_CAPTURE_AUTORELEASING = YES;
				CLANG_WARN_BOOL_CONVERSION = YES;
				CLANG_WARN_COMMA = YES;
				CLANG_WARN_CONSTANT_CONVERSION = YES;
				CLANG_WARN_DEPRECATED_OBJC_IMPLEMENTATIONS = YES;
				CLANG_WARN_DIRECT_OBJC_ISA_USAGE = YES_ERROR;
				CLANG_WARN_DOCUMENTATION_COMMENTS = YES;
				CLANG_WARN_EMPTY_BODY = YES;
				CLANG_WARN_ENUM_CONVERSION = YES;
				CLANG_WARN_INFINITE_RECURSION = YES;
				CLANG_WARN_INT_CONVERSION = YES;
				CLANG_WARN_NON_LITERAL_NULL_CONVERSION = YES;
				CLANG_WARN_OBJC_IMPLICIT_RETAIN_SELF = YES;
				CLANG_WARN_OBJC_LITERAL_CONVERSION = YES;
				CLANG_WARN_OBJC_ROOT_CLASS = YES_ERROR;
				CLANG_WARN_RANGE_LOOP_ANALYSIS = YES;
				CLANG_WARN_STRICT_PROTOTYPES = YES;
				CLANG_WARN_SUSPICIOUS_MOVE = YES;
				CLANG_WARN_UNGUARDED_AVAILABILITY = YES_AGGRESSIVE;
				CLANG_WARN_UNREACHABLE_CODE = YES;
				CLANG_WARN__DUPLICATE_METHOD_MATCH = YES;
				CODE_SIGN_IDENTITY = "iPhone Developer";
				COPY_PHASE_STRIP = NO;
				DEBUG_INFORMATION_FORMAT = "dwarf-with-dsym";
				ENABLE_NS_ASSERTIONS = NO;
				ENABLE_STRICT_OBJC_MSGSEND = YES;
				GCC_C_LANGUAGE_STANDARD = gnu11;
				GCC_NO_COMMON_BLOCKS = YES;
				GCC_WARN_64_TO_32_BIT_CONVERSION = YES;
				GCC_WARN_ABOUT_RETURN_TYPE = YES_ERROR;
				GCC_WARN_UNDECLARED_SELECTOR = YES;
				GCC_WARN_UNINITIALIZED_AUTOS = YES_AGGRESSIVE;
				GCC_WARN_UNUSED_FUNCTION = YES;
				GCC_WARN_UNUSED_VARIABLE = YES;
				IPHONEOS_DEPLOYMENT_TARGET = 11.4;
				MTL_ENABLE_DEBUG_INFO = NO;
				SDKROOT = iphoneos;
				SWIFT_COMPILATION_MODE = wholemodule;
				SWIFT_OPTIMIZATION_LEVEL = "-O";
				VALIDATE_PRODUCT = YES;
			};
			name = Release;
		};
		AC01FC79216D298D002588BC /* Debug */ = {
			isa = XCBuildConfiguration;
			buildSettings = {
				ASSETCATALOG_COMPILER_APPICON_NAME = AppIcon;
				CODE_SIGN_STYLE = Automatic;
				INFOPLIST_FILE = Login/Info.plist;
				LD_RUNPATH_SEARCH_PATHS = (
					"$(inherited)",
					"@executable_path/Frameworks",
				);
				PRODUCT_BUNDLE_IDENTIFIER = "-.Login";
				PRODUCT_NAME = "$(TARGET_NAME)";
				SWIFT_VERSION = 4.0;
				TARGETED_DEVICE_FAMILY = "1,2";
			};
			name = Debug;
		};
		AC01FC7A216D298D002588BC /* Release */ = {
			isa = XCBuildConfiguration;
			buildSettings = {
				ASSETCATALOG_COMPILER_APPICON_NAME = AppIcon;
				CODE_SIGN_STYLE = Automatic;
				INFOPLIST_FILE = Login/Info.plist;
				LD_RUNPATH_SEARCH_PATHS = (
					"$(inherited)",
					"@executable_path/Frameworks",
				);
				PRODUCT_BUNDLE_IDENTIFIER = "-.Login";
				PRODUCT_NAME = "$(TARGET_NAME)";
				SWIFT_VERSION = 4.0;
				TARGETED_DEVICE_FAMILY = "1,2";
			};
			name = Release;
		};
/* End XCBuildConfiguration section */

/* Begin XCConfigurationList section */
		AC01FC61216D298C002588BC /* Build configuration list for PBXProject "Login" */ = {
			isa = XCConfigurationList;
			buildConfigurations = (
				AC01FC76216D298D002588BC /* Debug */,
				AC01FC77216D298D002588BC /* Release */,
			);
			defaultConfigurationIsVisible = 0;
			defaultConfigurationName = Release;
		};
		AC01FC78216D298D002588BC /* Build configuration list for PBXNativeTarget "Login" */ = {
			isa = XCConfigurationList;
			buildConfigurations = (
				AC01FC79216D298D002588BC /* Debug */,
				AC01FC7A216D298D002588BC /* Release */,
			);
			defaultConfigurationIsVisible = 0;
			defaultConfigurationName = Release;
		};
/* End XCConfigurationList section */
	};
	rootObject = AC01FC5E216D298C002588BC /* Project object */;
}
